
Microsoft Visual Studio Solution File, Format Version 12.00
# Visual Studio Version 16
VisualStudioVersion = 16.0.30413.136
MinimumVisualStudioVersion = 10.0.40219.1
Project("{FAE04EC0-301F-11D3-BF4B-00C04F79EFBC}") = "lsibinski1730ex1b", "lsibinski1730ex1b\lsibinski1730ex1b.csproj", "{8533B5BB-BECB-46C8-A590-B9E373109B72}"
EndProject
Project("{FAE04EC0-301F-11D3-BF4B-00C04F79EFBC}") = "lsibinski1c1", "lsibinski1c1\lsibinski1c1.csproj", "{C76750C8-7A7A-4ECD-A347-851A6AF0A7E9}"
EndProject
Project("{FAE04EC0-301F-11D3-BF4B-00C04F79EFBC}") = "lsibinski1d1", "lsibinski1d1\lsibinski1d1.csproj", "{FBBEA4E5-EDBB-42B1-B257-69A3E0FFDADD}"
EndProject
Project("{FAE04EC0-301F-11D3-BF4B-00C04F79EFBC}") = "lsibinski1e1", "lsibinski1e1\lsibinski1e1.csproj", "{12E833A1-CFF0-409C-8030-B27676C1B234}"
EndProject
Project("{FAE04EC0-301F-11D3-BF4B-00C04F79EFBC}") = "lsibinski1f1", "lsibinski1f1\lsibinski1f1.csproj", "{C71FF7F7-4FE2-42D8-AF50-F5261FC3596B}"
EndProject
Project("{FAE04EC0-301F-11D3-BF4B-00C04F79EFBC}") = "lsibinski1g1", "lsibinski1g1\lsibinski1g1.csproj", "{0F3D66D4-AE7C-47F3-96AE-D3C8D934172A}"
EndProject
Project("{FAE04EC0-301F-11D3-BF4B-00C04F79EFBC}") = "lsibinski2a1", "lsibinski2a1\lsibinski2a1.csproj", "{2BFA1363-EFF6-42C8-B1A9-B074F3648834}"
EndProject
Project("{FAE04EC0-301F-11D3-BF4B-00C04F79EFBC}") = "lsibinski2b1", "lsibinski2b1\lsibinski2b1.csproj", "{4F5DF113-939E-4035-9C2F-1E284D9F403F}"
EndProject
Project("{FAE04EC0-301F-11D3-BF4B-00C04F79EFBC}") = "lsibinski2c1", "lsibinski2c1\lsibinski2c1.csproj", "{2607FCC2-2DC4-4541-BD8C-41A24BE34D2D}"
EndProject
Project("{FAE04EC0-301F-11D3-BF4B-00C04F79EFBC}") = "lsibinski2d1", "lsibinski2d1\lsibinski2d1.csproj", "{BD3D0602-73AC-4047-9FD6-6AEC13C00593}"
EndProject
Project("{FAE04EC0-301F-11D3-BF4B-00C04F79EFBC}") = "lsibinski2e1", "lsibinski2e1\lsibinski2e1.csproj", "{A9847880-8D33-447B-82D4-7B1474FCB745}"
EndProject
Project("{FAE04EC0-301F-11D3-BF4B-00C04F79EFBC}") = "lsibinski2e1UnitTests", "lsibinski2e1UnitTests\lsibinski2e1UnitTests.csproj", "{54664DC6-F6EA-45DD-9DF0-359F4A284133}"
EndProject
Project("{FAE04EC0-301F-11D3-BF4B-00C04F79EFBC}") = "lsibinski2f1", "lsibinski2f1\lsibinski2f1.csproj", "{3D5D6990-4813-4E5F-92CF-9FE2AA2F5029}"
EndProject
Project("{FAE04EC0-301F-11D3-BF4B-00C04F79EFBC}") = "lsibinski2f1UnitTests", "lsibinski2f1UnitTests\lsibinski2f1UnitTests.csproj", "{1B319B4F-1FB3-4BF6-8AF4-8BF02871FCED}"
EndProject
Project("{FAE04EC0-301F-11D3-BF4B-00C04F79EFBC}") = "lsibinski2g1", "lsibinski2g1\lsibinski2g1.csproj", "{745EEC48-0BAA-4D2F-81B8-F99F186E6B10}"
EndProject
Project("{FAE04EC0-301F-11D3-BF4B-00C04F79EFBC}") = "lsibinski2g1UnitTests", "lsibinski2g1UnitTests\lsibinski2g1UnitTests.csproj", "{5B05C46F-5A68-4691-9AAC-0386ABC5E0ED}"
EndProject
Project("{FAE04EC0-301F-11D3-BF4B-00C04F79EFBC}") = "lsibinski2h1", "lsibinski2h1\lsibinski2h1.csproj", "{43E79776-5CCA-4323-9366-32F6C8584A6E}"
EndProject
Project("{FAE04EC0-301F-11D3-BF4B-00C04F79EFBC}") = "lsibinski2h1.Tests", "lsibinski2h1.Tests\lsibinski2h1.Tests.csproj", "{A5904554-E137-46BC-BE96-B8C74A286BCC}"
EndProject
Project("{FAE04EC0-301F-11D3-BF4B-00C04F79EFBC}") = "lsibinski3a1", "lsibinski3a1\lsibinski3a1.csproj", "{4BA08176-CE9E-4F35-93D3-907743095308}"
EndProject
Project("{FAE04EC0-301F-11D3-BF4B-00C04F79EFBC}") = "lsibinski3a1UnitTests", "lsibinski3a1UnitTests\lsibinski3a1UnitTests.csproj", "{F00E6C2C-A97D-4804-911D-9ECEE991A05F}"
EndProject
Project("{FAE04EC0-301F-11D3-BF4B-00C04F79EFBC}") = "lsibinski3b1", "lsibinski3b1\lsibinski3b1.csproj", "{775DC830-429D-42C3-AB05-122D6A4BB0AE}"
EndProject
Project("{9A19103F-16F7-4668-BE54-9A1E7A4F7556}") = "lsibinski3b1UnitTests", "lsibinski3b1UnitTests\lsibinski3b1UnitTests.csproj", "{F511D966-1A59-4690-B18C-B33BA6DFF3AD}"
EndProject
Project("{FAE04EC0-301F-11D3-BF4B-00C04F79EFBC}") = "lsibinski3c1", "lsibinski3c1\lsibinski3c1.csproj", "{9C050566-A210-43F7-B2BA-0982E6DBB1C6}"
EndProject
Project("{FAE04EC0-301F-11D3-BF4B-00C04F79EFBC}") = "lsibinski3c1UnitTests", "lsibinski3c1UnitTests\lsibinski3c1UnitTests.csproj", "{E8158DF3-470F-4C00-8F88-D0B8BC5713EB}"
EndProject
Project("{FAE04EC0-301F-11D3-BF4B-00C04F79EFBC}") = "lsibinski3d1", "lsibinski3d1\lsibinski3d1.csproj", "{E11F9167-7C2B-4BE6-BF81-A5FDAD4827CB}"
EndProject
Project("{FAE04EC0-301F-11D3-BF4B-00C04F79EFBC}") = "lsibinski3d1UnitTests", "lsibinski3d1UnitTests\lsibinski3d1UnitTests.csproj", "{B266ABE0-BE7E-42E7-A33B-52D339FC0827}"
EndProject
Global
	GlobalSection(SolutionConfigurationPlatforms) = preSolution
		Debug|Any CPU = Debug|Any CPU
		Release|Any CPU = Release|Any CPU
	EndGlobalSection
	GlobalSection(ProjectConfigurationPlatforms) = postSolution
		{8533B5BB-BECB-46C8-A590-B9E373109B72}.Debug|Any CPU.ActiveCfg = Debug|Any CPU
		{8533B5BB-BECB-46C8-A590-B9E373109B72}.Debug|Any CPU.Build.0 = Debug|Any CPU
		{8533B5BB-BECB-46C8-A590-B9E373109B72}.Release|Any CPU.ActiveCfg = Release|Any CPU
		{8533B5BB-BECB-46C8-A590-B9E373109B72}.Release|Any CPU.Build.0 = Release|Any CPU
		{C76750C8-7A7A-4ECD-A347-851A6AF0A7E9}.Debug|Any CPU.ActiveCfg = Debug|Any CPU
		{C76750C8-7A7A-4ECD-A347-851A6AF0A7E9}.Debug|Any CPU.Build.0 = Debug|Any CPU
		{C76750C8-7A7A-4ECD-A347-851A6AF0A7E9}.Release|Any CPU.ActiveCfg = Release|Any CPU
		{C76750C8-7A7A-4ECD-A347-851A6AF0A7E9}.Release|Any CPU.Build.0 = Release|Any CPU
		{FBBEA4E5-EDBB-42B1-B257-69A3E0FFDADD}.Debug|Any CPU.ActiveCfg = Debug|Any CPU
		{FBBEA4E5-EDBB-42B1-B257-69A3E0FFDADD}.Debug|Any CPU.Build.0 = Debug|Any CPU
		{FBBEA4E5-EDBB-42B1-B257-69A3E0FFDADD}.Release|Any CPU.ActiveCfg = Release|Any CPU
		{FBBEA4E5-EDBB-42B1-B257-69A3E0FFDADD}.Release|Any CPU.Build.0 = Release|Any CPU
		{12E833A1-CFF0-409C-8030-B27676C1B234}.Debug|Any CPU.ActiveCfg = Debug|Any CPU
		{12E833A1-CFF0-409C-8030-B27676C1B234}.Debug|Any CPU.Build.0 = Debug|Any CPU
		{12E833A1-CFF0-409C-8030-B27676C1B234}.Release|Any CPU.ActiveCfg = Release|Any CPU
		{12E833A1-CFF0-409C-8030-B27676C1B234}.Release|Any CPU.Build.0 = Release|Any CPU
		{C71FF7F7-4FE2-42D8-AF50-F5261FC3596B}.Debug|Any CPU.ActiveCfg = Debug|Any CPU
		{C71FF7F7-4FE2-42D8-AF50-F5261FC3596B}.Debug|Any CPU.Build.0 = Debug|Any CPU
		{C71FF7F7-4FE2-42D8-AF50-F5261FC3596B}.Release|Any CPU.ActiveCfg = Release|Any CPU
		{C71FF7F7-4FE2-42D8-AF50-F5261FC3596B}.Release|Any CPU.Build.0 = Release|Any CPU
		{0F3D66D4-AE7C-47F3-96AE-D3C8D934172A}.Debug|Any CPU.ActiveCfg = Debug|Any CPU
		{0F3D66D4-AE7C-47F3-96AE-D3C8D934172A}.Debug|Any CPU.Build.0 = Debug|Any CPU
		{0F3D66D4-AE7C-47F3-96AE-D3C8D934172A}.Release|Any CPU.ActiveCfg = Release|Any CPU
		{0F3D66D4-AE7C-47F3-96AE-D3C8D934172A}.Release|Any CPU.Build.0 = Release|Any CPU
		{2BFA1363-EFF6-42C8-B1A9-B074F3648834}.Debug|Any CPU.ActiveCfg = Debug|Any CPU
		{2BFA1363-EFF6-42C8-B1A9-B074F3648834}.Debug|Any CPU.Build.0 = Debug|Any CPU
		{2BFA1363-EFF6-42C8-B1A9-B074F3648834}.Release|Any CPU.ActiveCfg = Release|Any CPU
		{2BFA1363-EFF6-42C8-B1A9-B074F3648834}.Release|Any CPU.Build.0 = Release|Any CPU
		{4F5DF113-939E-4035-9C2F-1E284D9F403F}.Debug|Any CPU.ActiveCfg = Debug|Any CPU
		{4F5DF113-939E-4035-9C2F-1E284D9F403F}.Debug|Any CPU.Build.0 = Debug|Any CPU
		{4F5DF113-939E-4035-9C2F-1E284D9F403F}.Release|Any CPU.ActiveCfg = Release|Any CPU
		{4F5DF113-939E-4035-9C2F-1E284D9F403F}.Release|Any CPU.Build.0 = Release|Any CPU
		{2607FCC2-2DC4-4541-BD8C-41A24BE34D2D}.Debug|Any CPU.ActiveCfg = Debug|Any CPU
		{2607FCC2-2DC4-4541-BD8C-41A24BE34D2D}.Debug|Any CPU.Build.0 = Debug|Any CPU
		{2607FCC2-2DC4-4541-BD8C-41A24BE34D2D}.Release|Any CPU.ActiveCfg = Release|Any CPU
		{2607FCC2-2DC4-4541-BD8C-41A24BE34D2D}.Release|Any CPU.Build.0 = Release|Any CPU
		{BD3D0602-73AC-4047-9FD6-6AEC13C00593}.Debug|Any CPU.ActiveCfg = Debug|Any CPU
		{BD3D0602-73AC-4047-9FD6-6AEC13C00593}.Debug|Any CPU.Build.0 = Debug|Any CPU
		{BD3D0602-73AC-4047-9FD6-6AEC13C00593}.Release|Any CPU.ActiveCfg = Release|Any CPU
		{BD3D0602-73AC-4047-9FD6-6AEC13C00593}.Release|Any CPU.Build.0 = Release|Any CPU
		{A9847880-8D33-447B-82D4-7B1474FCB745}.Debug|Any CPU.ActiveCfg = Debug|Any CPU
		{A9847880-8D33-447B-82D4-7B1474FCB745}.Debug|Any CPU.Build.0 = Debug|Any CPU
		{A9847880-8D33-447B-82D4-7B1474FCB745}.Release|Any CPU.ActiveCfg = Release|Any CPU
		{A9847880-8D33-447B-82D4-7B1474FCB745}.Release|Any CPU.Build.0 = Release|Any CPU
		{54664DC6-F6EA-45DD-9DF0-359F4A284133}.Debug|Any CPU.ActiveCfg = Debug|Any CPU
		{54664DC6-F6EA-45DD-9DF0-359F4A284133}.Debug|Any CPU.Build.0 = Debug|Any CPU
		{54664DC6-F6EA-45DD-9DF0-359F4A284133}.Release|Any CPU.ActiveCfg = Release|Any CPU
		{54664DC6-F6EA-45DD-9DF0-359F4A284133}.Release|Any CPU.Build.0 = Release|Any CPU
		{3D5D6990-4813-4E5F-92CF-9FE2AA2F5029}.Debug|Any CPU.ActiveCfg = Debug|Any CPU
		{3D5D6990-4813-4E5F-92CF-9FE2AA2F5029}.Debug|Any CPU.Build.0 = Debug|Any CPU
		{3D5D6990-4813-4E5F-92CF-9FE2AA2F5029}.Release|Any CPU.ActiveCfg = Release|Any CPU
		{3D5D6990-4813-4E5F-92CF-9FE2AA2F5029}.Release|Any CPU.Build.0 = Release|Any CPU
		{1B319B4F-1FB3-4BF6-8AF4-8BF02871FCED}.Debug|Any CPU.ActiveCfg = Debug|Any CPU
		{1B319B4F-1FB3-4BF6-8AF4-8BF02871FCED}.Debug|Any CPU.Build.0 = Debug|Any CPU
		{1B319B4F-1FB3-4BF6-8AF4-8BF02871FCED}.Release|Any CPU.ActiveCfg = Release|Any CPU
		{1B319B4F-1FB3-4BF6-8AF4-8BF02871FCED}.Release|Any CPU.Build.0 = Release|Any CPU
		{745EEC48-0BAA-4D2F-81B8-F99F186E6B10}.Debug|Any CPU.ActiveCfg = Debug|Any CPU
		{745EEC48-0BAA-4D2F-81B8-F99F186E6B10}.Debug|Any CPU.Build.0 = Debug|Any CPU
		{745EEC48-0BAA-4D2F-81B8-F99F186E6B10}.Release|Any CPU.ActiveCfg = Release|Any CPU
		{745EEC48-0BAA-4D2F-81B8-F99F186E6B10}.Release|Any CPU.Build.0 = Release|Any CPU
		{5B05C46F-5A68-4691-9AAC-0386ABC5E0ED}.Debug|Any CPU.ActiveCfg = Debug|Any CPU
		{5B05C46F-5A68-4691-9AAC-0386ABC5E0ED}.Debug|Any CPU.Build.0 = Debug|Any CPU
		{5B05C46F-5A68-4691-9AAC-0386ABC5E0ED}.Release|Any CPU.ActiveCfg = Release|Any CPU
		{5B05C46F-5A68-4691-9AAC-0386ABC5E0ED}.Release|Any CPU.Build.0 = Release|Any CPU
		{43E79776-5CCA-4323-9366-32F6C8584A6E}.Debug|Any CPU.ActiveCfg = Debug|Any CPU
		{43E79776-5CCA-4323-9366-32F6C8584A6E}.Debug|Any CPU.Build.0 = Debug|Any CPU
		{43E79776-5CCA-4323-9366-32F6C8584A6E}.Release|Any CPU.ActiveCfg = Release|Any CPU
		{43E79776-5CCA-4323-9366-32F6C8584A6E}.Release|Any CPU.Build.0 = Release|Any CPU
		{A5904554-E137-46BC-BE96-B8C74A286BCC}.Debug|Any CPU.ActiveCfg = Debug|Any CPU
		{A5904554-E137-46BC-BE96-B8C74A286BCC}.Debug|Any CPU.Build.0 = Debug|Any CPU
		{A5904554-E137-46BC-BE96-B8C74A286BCC}.Release|Any CPU.ActiveCfg = Release|Any CPU
		{A5904554-E137-46BC-BE96-B8C74A286BCC}.Release|Any CPU.Build.0 = Release|Any CPU
		{4BA08176-CE9E-4F35-93D3-907743095308}.Debug|Any CPU.ActiveCfg = Debug|Any CPU
		{4BA08176-CE9E-4F35-93D3-907743095308}.Debug|Any CPU.Build.0 = Debug|Any CPU
		{4BA08176-CE9E-4F35-93D3-907743095308}.Release|Any CPU.ActiveCfg = Release|Any CPU
		{4BA08176-CE9E-4F35-93D3-907743095308}.Release|Any CPU.Build.0 = Release|Any CPU
		{F00E6C2C-A97D-4804-911D-9ECEE991A05F}.Debug|Any CPU.ActiveCfg = Debug|Any CPU
		{F00E6C2C-A97D-4804-911D-9ECEE991A05F}.Debug|Any CPU.Build.0 = Debug|Any CPU
		{F00E6C2C-A97D-4804-911D-9ECEE991A05F}.Release|Any CPU.ActiveCfg = Release|Any CPU
		{F00E6C2C-A97D-4804-911D-9ECEE991A05F}.Release|Any CPU.Build.0 = Release|Any CPU
		{775DC830-429D-42C3-AB05-122D6A4BB0AE}.Debug|Any CPU.ActiveCfg = Debug|Any CPU
		{775DC830-429D-42C3-AB05-122D6A4BB0AE}.Debug|Any CPU.Build.0 = Debug|Any CPU
		{775DC830-429D-42C3-AB05-122D6A4BB0AE}.Release|Any CPU.ActiveCfg = Release|Any CPU
		{775DC830-429D-42C3-AB05-122D6A4BB0AE}.Release|Any CPU.Build.0 = Release|Any CPU
		{F511D966-1A59-4690-B18C-B33BA6DFF3AD}.Debug|Any CPU.ActiveCfg = Debug|Any CPU
		{F511D966-1A59-4690-B18C-B33BA6DFF3AD}.Debug|Any CPU.Build.0 = Debug|Any CPU
		{F511D966-1A59-4690-B18C-B33BA6DFF3AD}.Release|Any CPU.ActiveCfg = Release|Any CPU
		{F511D966-1A59-4690-B18C-B33BA6DFF3AD}.Release|Any CPU.Build.0 = Release|Any CPU
		{9C050566-A210-43F7-B2BA-0982E6DBB1C6}.Debug|Any CPU.ActiveCfg = Debug|Any CPU
		{9C050566-A210-43F7-B2BA-0982E6DBB1C6}.Debug|Any CPU.Build.0 = Debug|Any CPU
		{9C050566-A210-43F7-B2BA-0982E6DBB1C6}.Release|Any CPU.ActiveCfg = Release|Any CPU
		{9C050566-A210-43F7-B2BA-0982E6DBB1C6}.Release|Any CPU.Build.0 = Release|Any CPU
		{E8158DF3-470F-4C00-8F88-D0B8BC5713EB}.Debug|Any CPU.ActiveCfg = Debug|Any CPU
		{E8158DF3-470F-4C00-8F88-D0B8BC5713EB}.Debug|Any CPU.Build.0 = Debug|Any CPU
		{E8158DF3-470F-4C00-8F88-D0B8BC5713EB}.Release|Any CPU.ActiveCfg = Release|Any CPU
		{E8158DF3-470F-4C00-8F88-D0B8BC5713EB}.Release|Any CPU.Build.0 = Release|Any CPU
		{E11F9167-7C2B-4BE6-BF81-A5FDAD4827CB}.Debug|Any CPU.ActiveCfg = Debug|Any CPU
		{E11F9167-7C2B-4BE6-BF81-A5FDAD4827CB}.Debug|Any CPU.Build.0 = Debug|Any CPU
		{E11F9167-7C2B-4BE6-BF81-A5FDAD4827CB}.Release|Any CPU.ActiveCfg = Release|Any CPU
		{E11F9167-7C2B-4BE6-BF81-A5FDAD4827CB}.Release|Any CPU.Build.0 = Release|Any CPU
		{B266ABE0-BE7E-42E7-A33B-52D339FC0827}.Debug|Any CPU.ActiveCfg = Debug|Any CPU
		{B266ABE0-BE7E-42E7-A33B-52D339FC0827}.Debug|Any CPU.Build.0 = Debug|Any CPU
		{B266ABE0-BE7E-42E7-A33B-52D339FC0827}.Release|Any CPU.ActiveCfg = Release|Any CPU
		{B266ABE0-BE7E-42E7-A33B-52D339FC0827}.Release|Any CPU.Build.0 = Release|Any CPU
	EndGlobalSection
	GlobalSection(SolutionProperties) = preSolution
		HideSolutionNode = FALSE
	EndGlobalSection
	GlobalSection(ExtensibilityGlobals) = postSolution
		SolutionGuid = {29EC440D-5A26-4A86-8E89-441EF4758256}
	EndGlobalSection
EndGlobal
