
Microsoft Visual Studio Solution File, Format Version 12.00
# Visual Studio Version 16
VisualStudioVersion = 16.0.30413.136
MinimumVisualStudioVersion = 10.0.40219.1
Project("{FAE04EC0-301F-11D3-BF4B-00C04F79EFBC}") = "lsibinski1730ex1b", "lsibinski1730ex1b\lsibinski1730ex1b.csproj", "{8533B5BB-BECB-46C8-A590-B9E373109B72}"
EndProject
Project("{FAE04EC0-301F-11D3-BF4B-00C04F79EFBC}") = "lsibinski1c1", "lsibinski1c1\lsibinski1c1.csproj", "{C76750C8-7A7A-4ECD-A347-851A6AF0A7E9}"
EndProject
Project("{FAE04EC0-301F-11D3-BF4B-00C04F79EFBC}") = "lsibinski1d1", "lsibinski1d1\lsibinski1d1.csproj", "{FBBEA4E5-EDBB-42B1-B257-69A3E0FFDADD}"
EndProject
Global
	GlobalSection(SolutionConfigurationPlatforms) = preSolution
		Debug|Any CPU = Debug|Any CPU
		Release|Any CPU = Release|Any CPU
	EndGlobalSection
	GlobalSection(ProjectConfigurationPlatforms) = postSolution
		{8533B5BB-BECB-46C8-A590-B9E373109B72}.Debug|Any CPU.ActiveCfg = Debug|Any CPU
		{8533B5BB-BECB-46C8-A590-B9E373109B72}.Debug|Any CPU.Build.0 = Debug|Any CPU
		{8533B5BB-BECB-46C8-A590-B9E373109B72}.Release|Any CPU.ActiveCfg = Release|Any CPU
		{8533B5BB-BECB-46C8-A590-B9E373109B72}.Release|Any CPU.Build.0 = Release|Any CPU
		{C76750C8-7A7A-4ECD-A347-851A6AF0A7E9}.Debug|Any CPU.ActiveCfg = Debug|Any CPU
		{C76750C8-7A7A-4ECD-A347-851A6AF0A7E9}.Debug|Any CPU.Build.0 = Debug|Any CPU
		{C76750C8-7A7A-4ECD-A347-851A6AF0A7E9}.Release|Any CPU.ActiveCfg = Release|Any CPU
		{C76750C8-7A7A-4ECD-A347-851A6AF0A7E9}.Release|Any CPU.Build.0 = Release|Any CPU
		{FBBEA4E5-EDBB-42B1-B257-69A3E0FFDADD}.Debug|Any CPU.ActiveCfg = Debug|Any CPU
		{FBBEA4E5-EDBB-42B1-B257-69A3E0FFDADD}.Debug|Any CPU.Build.0 = Debug|Any CPU
		{FBBEA4E5-EDBB-42B1-B257-69A3E0FFDADD}.Release|Any CPU.ActiveCfg = Release|Any CPU
		{FBBEA4E5-EDBB-42B1-B257-69A3E0FFDADD}.Release|Any CPU.Build.0 = Release|Any CPU
	EndGlobalSection
	GlobalSection(SolutionProperties) = preSolution
		HideSolutionNode = FALSE
	EndGlobalSection
	GlobalSection(ExtensibilityGlobals) = postSolution
		SolutionGuid = {29EC440D-5A26-4A86-8E89-441EF4758256}
	EndGlobalSection
EndGlobal
